
Microsoft Visual Studio Solution File, Format Version 12.00
# Visual Studio Version 16
VisualStudioVersion = 16.0.31410.357
MinimumVisualStudioVersion = 10.0.40219.1
Project("{9A19103F-16F7-4668-BE54-9A1E7A4F7556}") = "InventoryManagement", "InventoryManagement\InventoryManagement.csproj", "{5A2F8C0F-16F7-418B-92D5-107BBFEC16BE}"
EndProject
Global
	GlobalSection(SolutionConfigurationPlatforms) = preSolution
		Debug|Any CPU = Debug|Any CPU
		Release|Any CPU = Release|Any CPU
	EndGlobalSection
	GlobalSection(ProjectConfigurationPlatforms) = postSolution
		{5A2F8C0F-16F7-418B-92D5-107BBFEC16BE}.Debug|Any CPU.ActiveCfg = Debug|Any CPU
		{5A2F8C0F-16F7-418B-92D5-107BBFEC16BE}.Debug|Any CPU.Build.0 = Debug|Any CPU
		{5A2F8C0F-16F7-418B-92D5-107BBFEC16BE}.Release|Any CPU.ActiveCfg = Release|Any CPU
		{5A2F8C0F-16F7-418B-92D5-107BBFEC16BE}.Release|Any CPU.Build.0 = Release|Any CPU
	EndGlobalSection
	GlobalSection(SolutionProperties) = preSolution
		HideSolutionNode = FALSE
	EndGlobalSection
	GlobalSection(ExtensibilityGlobals) = postSolution
		SolutionGuid = {B90A049A-2CD7-4495-9DA8-7E37AA417348}
	EndGlobalSection
EndGlobal
